
Microsoft Visual Studio Solution File, Format Version 12.00
# Visual Studio Version 17
VisualStudioVersion = 17.7.34202.233
MinimumVisualStudioVersion = 10.0.40219.1
Project("{FAE04EC0-301F-11D3-BF4B-00C04F79EFBC}") = "mf-dev-backend-2023", "mf-dev-backend-2023\mf-dev-backend-2023.csproj", "{4D1DA70C-EDE4-49DC-B6F4-90A6D0468D8E}"
EndProject
Global
	GlobalSection(SolutionConfigurationPlatforms) = preSolution
		Debug|Any CPU = Debug|Any CPU
		Release|Any CPU = Release|Any CPU
	EndGlobalSection
	GlobalSection(ProjectConfigurationPlatforms) = postSolution
		{4D1DA70C-EDE4-49DC-B6F4-90A6D0468D8E}.Debug|Any CPU.ActiveCfg = Debug|Any CPU
		{4D1DA70C-EDE4-49DC-B6F4-90A6D0468D8E}.Debug|Any CPU.Build.0 = Debug|Any CPU
		{4D1DA70C-EDE4-49DC-B6F4-90A6D0468D8E}.Release|Any CPU.ActiveCfg = Release|Any CPU
		{4D1DA70C-EDE4-49DC-B6F4-90A6D0468D8E}.Release|Any CPU.Build.0 = Release|Any CPU
	EndGlobalSection
	GlobalSection(SolutionProperties) = preSolution
		HideSolutionNode = FALSE
	EndGlobalSection
	GlobalSection(ExtensibilityGlobals) = postSolution
		SolutionGuid = {A63BF8D2-4C45-4D19-8FAD-AA00DB0624C1}
	EndGlobalSection
EndGlobal
